
Microsoft Visual Studio Solution File, Format Version 12.00
# Visual Studio Version 17
VisualStudioVersion = 17.3.32922.545
MinimumVisualStudioVersion = 10.0.40219.1
Project("{FAE04EC0-301F-11D3-BF4B-00C04F79EFBC}") = "MtcEast", "MtcEast\MtcEast.csproj", "{8A31B4AF-A53A-4F86-9371-9C9B2E119716}"
EndProject
Global
	GlobalSection(SolutionConfigurationPlatforms) = preSolution
		Debug|Any CPU = Debug|Any CPU
		Release|Any CPU = Release|Any CPU
	EndGlobalSection
	GlobalSection(ProjectConfigurationPlatforms) = postSolution
		{8A31B4AF-A53A-4F86-9371-9C9B2E119716}.Debug|Any CPU.ActiveCfg = Debug|Any CPU
		{8A31B4AF-A53A-4F86-9371-9C9B2E119716}.Debug|Any CPU.Build.0 = Debug|Any CPU
		{8A31B4AF-A53A-4F86-9371-9C9B2E119716}.Release|Any CPU.ActiveCfg = Release|Any CPU
		{8A31B4AF-A53A-4F86-9371-9C9B2E119716}.Release|Any CPU.Build.0 = Release|Any CPU
	EndGlobalSection
	GlobalSection(SolutionProperties) = preSolution
		HideSolutionNode = FALSE
	EndGlobalSection
	GlobalSection(ExtensibilityGlobals) = postSolution
		SolutionGuid = {B5962006-C0DC-439B-BCD4-E3102F7A2DC0}
	EndGlobalSection
EndGlobal
